
Microsoft Visual Studio Solution File, Format Version 12.00
# Visual Studio Version 16
VisualStudioVersion = 16.0.31911.196
MinimumVisualStudioVersion = 10.0.40219.1
Project("{FAE04EC0-301F-11D3-BF4B-00C04F79EFBC}") = "Shaun_FootballGame_Jan1022", "Shaun_FootballGame_Jan1022.csproj", "{4596198B-A7DC-43BD-BDC5-2243806333E5}"
EndProject
Global
	GlobalSection(SolutionConfigurationPlatforms) = preSolution
		Debug|Any CPU = Debug|Any CPU
		Release|Any CPU = Release|Any CPU
	EndGlobalSection
	GlobalSection(ProjectConfigurationPlatforms) = postSolution
		{4596198B-A7DC-43BD-BDC5-2243806333E5}.Debug|Any CPU.ActiveCfg = Debug|Any CPU
		{4596198B-A7DC-43BD-BDC5-2243806333E5}.Debug|Any CPU.Build.0 = Debug|Any CPU
		{4596198B-A7DC-43BD-BDC5-2243806333E5}.Release|Any CPU.ActiveCfg = Release|Any CPU
		{4596198B-A7DC-43BD-BDC5-2243806333E5}.Release|Any CPU.Build.0 = Release|Any CPU
	EndGlobalSection
	GlobalSection(SolutionProperties) = preSolution
		HideSolutionNode = FALSE
	EndGlobalSection
	GlobalSection(ExtensibilityGlobals) = postSolution
		SolutionGuid = {2C87132B-F1BC-456C-BD83-0352B4CECE1F}
	EndGlobalSection
EndGlobal
